# This file is automatically @generated by Cargo.
# It is not intended for manual editing.
version = 3

[[package]]
name = "ansi_term"
version = "0.6.3"
source = "registry+https://github.com/rust-lang/crates.io-index"
checksum = "ae206c860259479b73b3abc98b66da811843056ed570ed79eb95d3d9b2524325"

[[package]]
name = "bitflags"
version = "0.3.2"
source = "registry+https://github.com/rust-lang/crates.io-index"
checksum = "65fee84cb17ca0b1f86b3870caad42a966b58366caed5a1651c6eb7f415ac545"

[[package]]
name = "bkf-mysql"
version = "0.0.1"
dependencies = [
 "clap",
 "yaml-rust",
]

[[package]]
name = "clap"
version = "1.4.6"
source = "registry+https://github.com/rust-lang/crates.io-index"
checksum = "3d1f6c772229a260ac481275c4b460faf5da2fb0cc51858f39b09f95f8b42717"
dependencies = [
 "ansi_term",
 "bitflags",
 "strsim",
]

[[package]]
name = "linked-hash-map"
version = "0.5.4"
source = "registry+https://github.com/rust-lang/crates.io-index"
checksum = "7fb9b38af92608140b86b693604b9ffcc5824240a484d1ecd4795bacb2fe88f3"

[[package]]
name = "strsim"
version = "0.4.0"
source = "registry+https://github.com/rust-lang/crates.io-index"
checksum = "b1d6a2200349ab2221a712c79e797cbb814086eea4ad5d12cc5cafab5f2089d9"

[[package]]
name = "yaml-rust"
version = "0.4.1"
source = "registry+https://github.com/rust-lang/crates.io-index"
checksum = "fe0fad48adbecafa9588846b38af3f015ccaef0a79d92f9b2892dd310aa9f9e1"
dependencies = [
 "linked-hash-map",
]
